{
  "name": "prolog-agent-memory",
  "lockfileVersion": 3,
  "requires": true,
  "packages": {
    "": {
      "name": "prolog-agent-memory",
      "dependencies": {
        "openai": "^7.9.0",
        "tau-prolog": "^0.3.4",
        "zod": "^4.5.4"
      }
    },
    "node_modules/openai": {
      "version": "7.9.0",
      "resolved": "https://registry.npmjs.org/openai/-/openai-7.9.0.tgz",
      "integrity": "sha512-Qfx4qKmPllnilbuP6NgEj5KPUxLShYxrlRPWh3ZRQgNgs5B1V52PrfAdEQbW9MTGq7MquDYFMm+K/KXxiY736w==",
      "license": "Apache-2.0",
      "engines": {
        "node": ">=22.0.0"
      },
      "peerDependencies": {
        "@aws-sdk/credential-provider-node": ">=3.972.0 <4",
        "@smithy/hash-node": ">=4.3.0 <5",
        "@smithy/signature-v4": ">=5.4.0 <6",
        "undici": ">=5 <9",
        "ws": "^8.21.0",
        "zod": "^3.25 || ^4.0"
      },
      "peerDependenciesMeta": {
        "@aws-sdk/credential-provider-node": {
          "optional": true
        },
        "@smithy/hash-node": {
          "optional": true
        },
        "@smithy/signature-v4": {
          "optional": true
        },
        "undici": {
          "optional": true
        },
        "ws": {
          "optional": true
        },
        "zod": {
          "optional": true
        }
      }
    },
    "node_modules/readline-sync": {
      "version": "1.4.9",
      "resolved": "https://registry.npmjs.org/readline-sync/-/readline-sync-1.4.9.tgz",
      "integrity": "sha512-mp5h1N39kuKbCRGebLPIKTBOhuDw55GaNg5S+K9TW9uDAS1wIHpGUc2YokdUMZJb8GqS49sWmWEDijaESYh0Hg==",
      "license": "MIT",
      "engines": {
        "node": ">= 0.8.0"
      }
    },
    "node_modules/tau-prolog": {
      "version": "0.3.4",
      "resolved": "https://registry.npmjs.org/tau-prolog/-/tau-prolog-0.3.4.tgz",
      "integrity": "sha512-CEEa6C3IRPGN5GuXptBjLWOrF2x7aE06CP/p54oXJciBBfokkPom30uRNhKgbBAz1+AeuM1KtK2JMa0R3u+pRA==",
      "license": "BSD-3-Clause",
      "dependencies": {
        "readline-sync": "1.4.9"
      }
    },
    "node_modules/zod": {
      "version": "4.5.4",
      "resolved": "https://registry.npmjs.org/zod/-/zod-4.5.4.tgz",
      "integrity": "sha512-sC95tT5iHHH9gtpj6A81kh+NEaRAUFN+qlUPDUbRfOMvNf5QCBqsb3WgvnpVtK5Y+4UfA6KqufotuTvMGiTlsA==",
      "license": "MIT",
      "funding": {
        "url": "https://github.com/sponsors/colinhacks"
      }
    }
  }
}
